{
  "name": "soundbase-plugin-ettus-usrp-b206mini-i",
  "version": "0.1.2",
  "lockfileVersion": 3,
  "requires": true,
  "packages": {
    "": {
      "name": "soundbase-plugin-ettus-usrp-b206mini-i",
      "version": "0.1.2",
      "license": "BUSL-1.1",
      "os": [
        "darwin",
        "linux"
      ],
      "dependencies": {
        "@soundbase/plugin-contract": "^0.4.0",
        "@soundbase/plugin-shell": "^0.4.0"
      },
      "engines": {
        "node": ">=20"
      }
    },
    "node_modules/@soundbase/plugin-contract": {
      "version": "0.4.0",
      "resolved": "https://registry.npmjs.org/@soundbase/plugin-contract/-/plugin-contract-0.4.0.tgz",
      "integrity": "sha512-E6f0xEqykABB5hUZ80fTgSCInwNJHfnzGiHSsqrvYQn4vW5M4QTAnr/+y7behBLTksTyHCgGPL945d9eC2ee/w==",
      "license": "BUSL-1.1",
      "dependencies": {
        "zod": "^4.4.3"
      },
      "engines": {
        "node": ">=20"
      }
    },
    "node_modules/@soundbase/plugin-shell": {
      "version": "0.4.0",
      "resolved": "https://registry.npmjs.org/@soundbase/plugin-shell/-/plugin-shell-0.4.0.tgz",
      "integrity": "sha512-7rrCjXASZVyfgDvKKigRa0fJv9P5V/sTCdZ8QsqZFWiZ9eXr5CzssmnaQgjOPx4lCoHaD9QBDIemjsg772mGEw==",
      "license": "BUSL-1.1",
      "dependencies": {
        "@soundbase/plugin-contract": "^0.4.0"
      },
      "engines": {
        "node": ">=20"
      }
    },
    "node_modules/zod": {
      "version": "4.5.4",
      "resolved": "https://registry.npmjs.org/zod/-/zod-4.5.4.tgz",
      "integrity": "sha512-sC95tT5iHHH9gtpj6A81kh+NEaRAUFN+qlUPDUbRfOMvNf5QCBqsb3WgvnpVtK5Y+4UfA6KqufotuTvMGiTlsA==",
      "license": "MIT",
      "funding": {
        "url": "https://github.com/sponsors/colinhacks"
      }
    }
  }
}
