{
  "name": "soundbase-plugin-ettus-usrp-b206mini-i",
  "version": "0.3.0",
  "lockfileVersion": 3,
  "requires": true,
  "packages": {
    "": {
      "name": "soundbase-plugin-ettus-usrp-b206mini-i",
      "version": "0.3.0",
      "license": "BUSL-1.1",
      "os": [
        "darwin"
      ],
      "dependencies": {
        "@soundbase/plugin-contract": "^0.9.0",
        "@soundbase/plugin-shell": "^0.9.0"
      },
      "engines": {
        "node": ">=20"
      }
    },
    "node_modules/@soundbase/plugin-contract": {
      "version": "0.9.0",
      "resolved": "https://registry.npmjs.org/@soundbase/plugin-contract/-/plugin-contract-0.9.0.tgz",
      "integrity": "sha512-FZ8Tuk8a0wgEIvU/SP1miaVkV7LbG7I8gaiOCQ9T2guLj3BGC0A2f61HJL2K+AEHiPKaYbWE9rhMYpa3OCBj/Q==",
      "license": "BUSL-1.1",
      "dependencies": {
        "zod": "^4.4.3"
      },
      "engines": {
        "node": ">=20"
      }
    },
    "node_modules/@soundbase/plugin-shell": {
      "version": "0.9.0",
      "resolved": "https://registry.npmjs.org/@soundbase/plugin-shell/-/plugin-shell-0.9.0.tgz",
      "integrity": "sha512-N3yv860vmDZ+Z8jONSRs7CAyLr6vrC0iiEoIDmjh6NZ73QN6SrljrAH8sUaTaUNRXpbwb1/BDXBS0eXxpmuwXA==",
      "license": "BUSL-1.1",
      "dependencies": {
        "@soundbase/plugin-contract": "^0.9.0"
      },
      "engines": {
        "node": ">=20"
      }
    },
    "node_modules/zod": {
      "version": "4.5.4",
      "resolved": "https://registry.npmjs.org/zod/-/zod-4.5.4.tgz",
      "integrity": "sha512-sC95tT5iHHH9gtpj6A81kh+NEaRAUFN+qlUPDUbRfOMvNf5QCBqsb3WgvnpVtK5Y+4UfA6KqufotuTvMGiTlsA==",
      "license": "MIT",
      "funding": {
        "url": "https://github.com/sponsors/colinhacks"
      }
    }
  }
}
