{
  "name": "soundbase-plugin-template",
  "version": "0.1.1",
  "lockfileVersion": 3,
  "requires": true,
  "packages": {
    "": {
      "name": "soundbase-plugin-template",
      "version": "0.1.1",
      "license": "BUSL-1.1",
      "dependencies": {
        "@soundbase/plugin-contract": "^0.2.0",
        "@soundbase/plugin-shell": "^0.2.0"
      },
      "engines": {
        "node": ">=20"
      }
    },
    "node_modules/@soundbase/plugin-contract": {
      "version": "0.2.0",
      "resolved": "https://registry.npmjs.org/@soundbase/plugin-contract/-/plugin-contract-0.2.0.tgz",
      "integrity": "sha512-wgnsVfu7rQD48PbOkum4KB0buhl5PinzkYvu7k4DI/nI15OUUd8Bx9QgvoR/Fs4W1nb7ficHGwOJYyIfwE7aJA==",
      "license": "BUSL-1.1",
      "dependencies": {
        "zod": "^4.4.3"
      },
      "engines": {
        "node": ">=20"
      }
    },
    "node_modules/@soundbase/plugin-shell": {
      "version": "0.2.0",
      "resolved": "https://registry.npmjs.org/@soundbase/plugin-shell/-/plugin-shell-0.2.0.tgz",
      "integrity": "sha512-hJfZ/yX8NQKURAHGpe72QSGz1ypWhHoeqrFaq+YHrBINM+UEaQ//EISzY3OY7hWxjLWCxSo+m8nEgSEy+pUVNQ==",
      "license": "BUSL-1.1",
      "dependencies": {
        "@soundbase/plugin-contract": "^0.2.0"
      },
      "engines": {
        "node": ">=20"
      }
    },
    "node_modules/zod": {
      "version": "4.5.4",
      "resolved": "https://registry.npmjs.org/zod/-/zod-4.5.4.tgz",
      "integrity": "sha512-sC95tT5iHHH9gtpj6A81kh+NEaRAUFN+qlUPDUbRfOMvNf5QCBqsb3WgvnpVtK5Y+4UfA6KqufotuTvMGiTlsA==",
      "license": "MIT",
      "funding": {
        "url": "https://github.com/sponsors/colinhacks"
      }
    }
  }
}
